
Microsoft Visual Studio Solution File, Format Version 12.00
# Visual Studio 2012
Project("{FAE04EC0-301F-11D3-BF4B-00C04F79EFBC}") = "JobSearcher_16.11", "JobSearcher_16.11\JobSearcher_16.11.csproj", "{6A0E70B7-8E8E-4A44-925C-8608B33E521F}"
EndProject
Global
	GlobalSection(SolutionConfigurationPlatforms) = preSolution
		Debug|Any CPU = Debug|Any CPU
		Release|Any CPU = Release|Any CPU
	EndGlobalSection
	GlobalSection(ProjectConfigurationPlatforms) = postSolution
		{6A0E70B7-8E8E-4A44-925C-8608B33E521F}.Debug|Any CPU.ActiveCfg = Debug|Any CPU
		{6A0E70B7-8E8E-4A44-925C-8608B33E521F}.Debug|Any CPU.Build.0 = Debug|Any CPU
		{6A0E70B7-8E8E-4A44-925C-8608B33E521F}.Release|Any CPU.ActiveCfg = Release|Any CPU
		{6A0E70B7-8E8E-4A44-925C-8608B33E521F}.Release|Any CPU.Build.0 = Release|Any CPU
	EndGlobalSection
	GlobalSection(SolutionProperties) = preSolution
		HideSolutionNode = FALSE
	EndGlobalSection
EndGlobal
